
Microsoft Visual Studio Solution File, Format Version 12.00
# Visual Studio Version 16
VisualStudioVersion = 16.0.31624.102
MinimumVisualStudioVersion = 10.0.40219.1
Project("{FAE04EC0-301F-11D3-BF4B-00C04F79EFBC}") = "FältÖv1AllaNamn", "FältÖv1AllaNamn\FältÖv1AllaNamn.csproj", "{0C8F4033-7C55-4340-99C7-687DB29FFE2C}"
EndProject
Project("{9A19103F-16F7-4668-BE54-9A1E7A4F7556}") = "FältÖv1AllaNamn1", "FältÖv1AllaNamn1\FältÖv1AllaNamn1.csproj", "{875887A1-8CE7-42D6-B779-12985853928A}"
EndProject
Project("{9A19103F-16F7-4668-BE54-9A1E7A4F7556}") = "FältÖv3Väderstationen", "FältÖv3Väderstationen\FältÖv3Väderstationen.csproj", "{5DE4C124-E0CA-415C-881D-5BF5230EC51A}"
EndProject
Project("{FAE04EC0-301F-11D3-BF4B-00C04F79EFBC}") = "FältÖv5TvådimensionellaFält", "FältÖv5TvådimensionellaFält\FältÖv5TvådimensionellaFält.csproj", "{C71C91A0-8175-4E24-9CD6-947F6D1E60A7}"
EndProject
Project("{FAE04EC0-301F-11D3-BF4B-00C04F79EFBC}") = "NewFältÖv5_2DFält", "NewFältÖv5_2DFält\NewFältÖv5_2DFält.csproj", "{C2A63E0C-1291-4763-86F9-4D86F20E85B2}"
EndProject
Global
	GlobalSection(SolutionConfigurationPlatforms) = preSolution
		Debug|Any CPU = Debug|Any CPU
		Release|Any CPU = Release|Any CPU
	EndGlobalSection
	GlobalSection(ProjectConfigurationPlatforms) = postSolution
		{0C8F4033-7C55-4340-99C7-687DB29FFE2C}.Debug|Any CPU.ActiveCfg = Debug|Any CPU
		{0C8F4033-7C55-4340-99C7-687DB29FFE2C}.Debug|Any CPU.Build.0 = Debug|Any CPU
		{0C8F4033-7C55-4340-99C7-687DB29FFE2C}.Release|Any CPU.ActiveCfg = Release|Any CPU
		{0C8F4033-7C55-4340-99C7-687DB29FFE2C}.Release|Any CPU.Build.0 = Release|Any CPU
		{875887A1-8CE7-42D6-B779-12985853928A}.Debug|Any CPU.ActiveCfg = Debug|Any CPU
		{875887A1-8CE7-42D6-B779-12985853928A}.Debug|Any CPU.Build.0 = Debug|Any CPU
		{875887A1-8CE7-42D6-B779-12985853928A}.Release|Any CPU.ActiveCfg = Release|Any CPU
		{875887A1-8CE7-42D6-B779-12985853928A}.Release|Any CPU.Build.0 = Release|Any CPU
		{5DE4C124-E0CA-415C-881D-5BF5230EC51A}.Debug|Any CPU.ActiveCfg = Debug|Any CPU
		{5DE4C124-E0CA-415C-881D-5BF5230EC51A}.Debug|Any CPU.Build.0 = Debug|Any CPU
		{5DE4C124-E0CA-415C-881D-5BF5230EC51A}.Release|Any CPU.ActiveCfg = Release|Any CPU
		{5DE4C124-E0CA-415C-881D-5BF5230EC51A}.Release|Any CPU.Build.0 = Release|Any CPU
		{C71C91A0-8175-4E24-9CD6-947F6D1E60A7}.Debug|Any CPU.ActiveCfg = Debug|Any CPU
		{C71C91A0-8175-4E24-9CD6-947F6D1E60A7}.Debug|Any CPU.Build.0 = Debug|Any CPU
		{C71C91A0-8175-4E24-9CD6-947F6D1E60A7}.Release|Any CPU.ActiveCfg = Release|Any CPU
		{C71C91A0-8175-4E24-9CD6-947F6D1E60A7}.Release|Any CPU.Build.0 = Release|Any CPU
		{C2A63E0C-1291-4763-86F9-4D86F20E85B2}.Debug|Any CPU.ActiveCfg = Debug|Any CPU
		{C2A63E0C-1291-4763-86F9-4D86F20E85B2}.Debug|Any CPU.Build.0 = Debug|Any CPU
		{C2A63E0C-1291-4763-86F9-4D86F20E85B2}.Release|Any CPU.ActiveCfg = Release|Any CPU
		{C2A63E0C-1291-4763-86F9-4D86F20E85B2}.Release|Any CPU.Build.0 = Release|Any CPU
	EndGlobalSection
	GlobalSection(SolutionProperties) = preSolution
		HideSolutionNode = FALSE
	EndGlobalSection
	GlobalSection(ExtensibilityGlobals) = postSolution
		SolutionGuid = {025EB0B7-BBAD-4796-9EC7-60DC3CFC3360}
	EndGlobalSection
EndGlobal
