
Microsoft Visual Studio Solution File, Format Version 12.00
# Visual Studio Version 16
VisualStudioVersion = 16.0.31624.102
MinimumVisualStudioVersion = 10.0.40219.1
Project("{FAE04EC0-301F-11D3-BF4B-00C04F79EFBC}") = "matte", "Variabler\matte.csproj", "{D45CE0DC-394F-4DC1-A3E4-F24B0B4C5272}"
EndProject
Project("{FAE04EC0-301F-11D3-BF4B-00C04F79EFBC}") = "hej", "hej\hej.csproj", "{7F6E55BA-83C5-45BE-BB27-A814C763E68E}"
EndProject
Project("{FAE04EC0-301F-11D3-BF4B-00C04F79EFBC}") = "grader", "grader\grader.csproj", "{C89931A5-3AD2-4A68-8CBD-E691A5F812CC}"
EndProject
Project("{FAE04EC0-301F-11D3-BF4B-00C04F79EFBC}") = "cikrelkonverterare", "cikrelkonverterare\cikrelkonverterare.csproj", "{5D0B68A5-0C89-4661-A26C-02FDF879BF5F}"
EndProject
Global
	GlobalSection(SolutionConfigurationPlatforms) = preSolution
		Debug|Any CPU = Debug|Any CPU
		Release|Any CPU = Release|Any CPU
	EndGlobalSection
	GlobalSection(ProjectConfigurationPlatforms) = postSolution
		{D45CE0DC-394F-4DC1-A3E4-F24B0B4C5272}.Debug|Any CPU.ActiveCfg = Debug|Any CPU
		{D45CE0DC-394F-4DC1-A3E4-F24B0B4C5272}.Debug|Any CPU.Build.0 = Debug|Any CPU
		{D45CE0DC-394F-4DC1-A3E4-F24B0B4C5272}.Release|Any CPU.ActiveCfg = Release|Any CPU
		{D45CE0DC-394F-4DC1-A3E4-F24B0B4C5272}.Release|Any CPU.Build.0 = Release|Any CPU
		{7F6E55BA-83C5-45BE-BB27-A814C763E68E}.Debug|Any CPU.ActiveCfg = Debug|Any CPU
		{7F6E55BA-83C5-45BE-BB27-A814C763E68E}.Debug|Any CPU.Build.0 = Debug|Any CPU
		{7F6E55BA-83C5-45BE-BB27-A814C763E68E}.Release|Any CPU.ActiveCfg = Release|Any CPU
		{7F6E55BA-83C5-45BE-BB27-A814C763E68E}.Release|Any CPU.Build.0 = Release|Any CPU
		{C89931A5-3AD2-4A68-8CBD-E691A5F812CC}.Debug|Any CPU.ActiveCfg = Debug|Any CPU
		{C89931A5-3AD2-4A68-8CBD-E691A5F812CC}.Debug|Any CPU.Build.0 = Debug|Any CPU
		{C89931A5-3AD2-4A68-8CBD-E691A5F812CC}.Release|Any CPU.ActiveCfg = Release|Any CPU
		{C89931A5-3AD2-4A68-8CBD-E691A5F812CC}.Release|Any CPU.Build.0 = Release|Any CPU
		{5D0B68A5-0C89-4661-A26C-02FDF879BF5F}.Debug|Any CPU.ActiveCfg = Debug|Any CPU
		{5D0B68A5-0C89-4661-A26C-02FDF879BF5F}.Debug|Any CPU.Build.0 = Debug|Any CPU
		{5D0B68A5-0C89-4661-A26C-02FDF879BF5F}.Release|Any CPU.ActiveCfg = Release|Any CPU
		{5D0B68A5-0C89-4661-A26C-02FDF879BF5F}.Release|Any CPU.Build.0 = Release|Any CPU
	EndGlobalSection
	GlobalSection(SolutionProperties) = preSolution
		HideSolutionNode = FALSE
	EndGlobalSection
	GlobalSection(ExtensibilityGlobals) = postSolution
		SolutionGuid = {A93A9ACF-087D-4372-8AB0-B02394908A95}
	EndGlobalSection
EndGlobal
